{
  "name": "backend",
  "version": "1.0.0",
  "lockfileVersion": 2,
  "requires": true,
  "packages": {
    "": {
      "name": "backend",
      "version": "1.0.0",
      "license": "ISC",
      "dependencies": {
        "json-server": "file:.13.0"
      }
    },
    ".13.0": {},
    "node_modules/json-server": {
      "resolved": ".13.0",
      "link": true
    }
  },
  "dependencies": {
    "json-server": {
      "version": "file:.13.0"
    }
  }
}
